
Microsoft Visual Studio Solution File, Format Version 12.00
# Visual Studio Version 16
VisualStudioVersion = 16.0.28531.58
MinimumVisualStudioVersion = 10.0.40219.1
Project("{FAE04EC0-301F-11D3-BF4B-00C04F79EFBC}") = "MultiChat", "MultiChat\MultiChat.csproj", "{97F9AAA4-9C19-4051-9D0B-003F7DD82FCF}"
EndProject
Global
	GlobalSection(SolutionConfigurationPlatforms) = preSolution
		Debug|Any CPU = Debug|Any CPU
		Release|Any CPU = Release|Any CPU
	EndGlobalSection
	GlobalSection(ProjectConfigurationPlatforms) = postSolution
		{97F9AAA4-9C19-4051-9D0B-003F7DD82FCF}.Debug|Any CPU.ActiveCfg = Debug|Any CPU
		{97F9AAA4-9C19-4051-9D0B-003F7DD82FCF}.Debug|Any CPU.Build.0 = Debug|Any CPU
		{97F9AAA4-9C19-4051-9D0B-003F7DD82FCF}.Release|Any CPU.ActiveCfg = Release|Any CPU
		{97F9AAA4-9C19-4051-9D0B-003F7DD82FCF}.Release|Any CPU.Build.0 = Release|Any CPU
	EndGlobalSection
	GlobalSection(SolutionProperties) = preSolution
		HideSolutionNode = FALSE
	EndGlobalSection
	GlobalSection(ExtensibilityGlobals) = postSolution
		SolutionGuid = {F1625EE5-1FBF-47A8-8381-2AE0F6D829BD}
	EndGlobalSection
EndGlobal
